
Microsoft Visual Studio Solution File, Format Version 12.00
# Visual Studio Version 16
VisualStudioVersion = 16.0.31829.152
MinimumVisualStudioVersion = 10.0.40219.1
Project("{FAE04EC0-301F-11D3-BF4B-00C04F79EFBC}") = "TSN.EncryptDecrypt.WindowsForms", "TSN.EncryptDecrypt.WindowsForms\TSN.EncryptDecrypt.WindowsForms.csproj", "{554851E0-6BB6-4311-AE34-542C4873102D}"
EndProject
Global
	GlobalSection(SolutionConfigurationPlatforms) = preSolution
		Debug|Any CPU = Debug|Any CPU
		Release|Any CPU = Release|Any CPU
	EndGlobalSection
	GlobalSection(ProjectConfigurationPlatforms) = postSolution
		{554851E0-6BB6-4311-AE34-542C4873102D}.Debug|Any CPU.ActiveCfg = Debug|Any CPU
		{554851E0-6BB6-4311-AE34-542C4873102D}.Debug|Any CPU.Build.0 = Debug|Any CPU
		{554851E0-6BB6-4311-AE34-542C4873102D}.Release|Any CPU.ActiveCfg = Release|Any CPU
		{554851E0-6BB6-4311-AE34-542C4873102D}.Release|Any CPU.Build.0 = Release|Any CPU
	EndGlobalSection
	GlobalSection(SolutionProperties) = preSolution
		HideSolutionNode = FALSE
	EndGlobalSection
	GlobalSection(ExtensibilityGlobals) = postSolution
		SolutionGuid = {90B4D90A-D9F9-4258-942F-76BA179E4DA8}
	EndGlobalSection
EndGlobal
